
Microsoft Visual Studio Solution File, Format Version 12.00
# Visual Studio Version 17
VisualStudioVersion = 17.5.002.0
MinimumVisualStudioVersion = 10.0.40219.1
Project("{9A19103F-16F7-4668-BE54-9A1E7A4F7556}") = "BlazorApp", "BlazorApp.csproj", "{813E3B0A-46F8-4406-87CF-C753568254A8}"
EndProject
Global
	GlobalSection(SolutionConfigurationPlatforms) = preSolution
		Debug|Any CPU = Debug|Any CPU
		Release|Any CPU = Release|Any CPU
	EndGlobalSection
	GlobalSection(ProjectConfigurationPlatforms) = postSolution
		{813E3B0A-46F8-4406-87CF-C753568254A8}.Debug|Any CPU.ActiveCfg = Debug|Any CPU
		{813E3B0A-46F8-4406-87CF-C753568254A8}.Debug|Any CPU.Build.0 = Debug|Any CPU
		{813E3B0A-46F8-4406-87CF-C753568254A8}.Release|Any CPU.ActiveCfg = Release|Any CPU
		{813E3B0A-46F8-4406-87CF-C753568254A8}.Release|Any CPU.Build.0 = Release|Any CPU
	EndGlobalSection
	GlobalSection(SolutionProperties) = preSolution
		HideSolutionNode = FALSE
	EndGlobalSection
	GlobalSection(ExtensibilityGlobals) = postSolution
		SolutionGuid = {E9A0B178-80FB-4E1C-A1C1-5831C59C41D3}
	EndGlobalSection
EndGlobal
